
Microsoft Visual Studio Solution File, Format Version 12.00
# Visual Studio 15
VisualStudioVersion = 15.0.28307.102
MinimumVisualStudioVersion = 10.0.40219.1
Project("{9A19103F-16F7-4668-BE54-9A1E7A4F7556}") = "Day1", "Day1\Day1.csproj", "{FDE00D71-38FD-4A76-9E77-F15B16ACECF7}"
EndProject
Project("{9A19103F-16F7-4668-BE54-9A1E7A4F7556}") = "Day2", "Day2\Day2.csproj", "{AC534DBA-A616-4E34-8818-8A8E9F3FE3FD}"
EndProject
Project("{9A19103F-16F7-4668-BE54-9A1E7A4F7556}") = "Day3", "Day3\Day3.csproj", "{7256882C-807E-4496-8144-F097F06FC832}"
EndProject
Project("{9A19103F-16F7-4668-BE54-9A1E7A4F7556}") = "Day4", "Day4\Day4.csproj", "{5056F77C-087D-46F8-B88B-1A93BD6BECE1}"
EndProject
Project("{9A19103F-16F7-4668-BE54-9A1E7A4F7556}") = "Day5", "Day5\Day5.csproj", "{1A7B8EA1-7E92-4E2F-8725-31EA6A535115}"
EndProject
Project("{9A19103F-16F7-4668-BE54-9A1E7A4F7556}") = "Day6", "Day6\Day6.csproj", "{9539A41B-1A51-4894-A5C9-942325DA730E}"
EndProject
Project("{9A19103F-16F7-4668-BE54-9A1E7A4F7556}") = "Day7", "Day7\Day7.csproj", "{A97808E0-A95B-40AC-863A-87948FE2361E}"
EndProject
Project("{9A19103F-16F7-4668-BE54-9A1E7A4F7556}") = "Day8", "Day8\Day8.csproj", "{1DD6E8A3-0176-45EE-A3BC-C7ADAC20FC29}"
EndProject
Project("{9A19103F-16F7-4668-BE54-9A1E7A4F7556}") = "Day10", "Day10\Day10.csproj", "{E519087E-5AAA-463F-B250-02FD0AC1F833}"
EndProject
Project("{9A19103F-16F7-4668-BE54-9A1E7A4F7556}") = "Day11", "Day11\Day11.csproj", "{26417A95-FE8D-4F61-8357-6A662F3FB115}"
EndProject
Project("{9A19103F-16F7-4668-BE54-9A1E7A4F7556}") = "Day9", "Day9\Day9.csproj", "{17C4CA6F-0CCD-422F-94D3-E0E36738CA57}"
EndProject
Project("{9A19103F-16F7-4668-BE54-9A1E7A4F7556}") = "Day13", "Day13\Day13.csproj", "{8AFE5C74-652B-46E4-9B66-00387586B65F}"
EndProject
Project("{FAE04EC0-301F-11D3-BF4B-00C04F79EFBC}") = "Day14", "Day14\Day14.csproj", "{F184D829-3C0C-480E-964E-F604AB6FC4C1}"
EndProject
Global
	GlobalSection(SolutionConfigurationPlatforms) = preSolution
		Debug|Any CPU = Debug|Any CPU
		Release|Any CPU = Release|Any CPU
	EndGlobalSection
	GlobalSection(ProjectConfigurationPlatforms) = postSolution
		{FDE00D71-38FD-4A76-9E77-F15B16ACECF7}.Debug|Any CPU.ActiveCfg = Debug|Any CPU
		{FDE00D71-38FD-4A76-9E77-F15B16ACECF7}.Debug|Any CPU.Build.0 = Debug|Any CPU
		{FDE00D71-38FD-4A76-9E77-F15B16ACECF7}.Release|Any CPU.ActiveCfg = Release|Any CPU
		{FDE00D71-38FD-4A76-9E77-F15B16ACECF7}.Release|Any CPU.Build.0 = Release|Any CPU
		{AC534DBA-A616-4E34-8818-8A8E9F3FE3FD}.Debug|Any CPU.ActiveCfg = Debug|Any CPU
		{AC534DBA-A616-4E34-8818-8A8E9F3FE3FD}.Debug|Any CPU.Build.0 = Debug|Any CPU
		{AC534DBA-A616-4E34-8818-8A8E9F3FE3FD}.Release|Any CPU.ActiveCfg = Release|Any CPU
		{AC534DBA-A616-4E34-8818-8A8E9F3FE3FD}.Release|Any CPU.Build.0 = Release|Any CPU
		{7256882C-807E-4496-8144-F097F06FC832}.Debug|Any CPU.ActiveCfg = Debug|Any CPU
		{7256882C-807E-4496-8144-F097F06FC832}.Debug|Any CPU.Build.0 = Debug|Any CPU
		{7256882C-807E-4496-8144-F097F06FC832}.Release|Any CPU.ActiveCfg = Release|Any CPU
		{7256882C-807E-4496-8144-F097F06FC832}.Release|Any CPU.Build.0 = Release|Any CPU
		{5056F77C-087D-46F8-B88B-1A93BD6BECE1}.Debug|Any CPU.ActiveCfg = Debug|Any CPU
		{5056F77C-087D-46F8-B88B-1A93BD6BECE1}.Debug|Any CPU.Build.0 = Debug|Any CPU
		{5056F77C-087D-46F8-B88B-1A93BD6BECE1}.Release|Any CPU.ActiveCfg = Release|Any CPU
		{5056F77C-087D-46F8-B88B-1A93BD6BECE1}.Release|Any CPU.Build.0 = Release|Any CPU
		{1A7B8EA1-7E92-4E2F-8725-31EA6A535115}.Debug|Any CPU.ActiveCfg = Debug|Any CPU
		{1A7B8EA1-7E92-4E2F-8725-31EA6A535115}.Debug|Any CPU.Build.0 = Debug|Any CPU
		{1A7B8EA1-7E92-4E2F-8725-31EA6A535115}.Release|Any CPU.ActiveCfg = Release|Any CPU
		{1A7B8EA1-7E92-4E2F-8725-31EA6A535115}.Release|Any CPU.Build.0 = Release|Any CPU
		{9539A41B-1A51-4894-A5C9-942325DA730E}.Debug|Any CPU.ActiveCfg = Debug|Any CPU
		{9539A41B-1A51-4894-A5C9-942325DA730E}.Debug|Any CPU.Build.0 = Debug|Any CPU
		{9539A41B-1A51-4894-A5C9-942325DA730E}.Release|Any CPU.ActiveCfg = Release|Any CPU
		{9539A41B-1A51-4894-A5C9-942325DA730E}.Release|Any CPU.Build.0 = Release|Any CPU
		{A97808E0-A95B-40AC-863A-87948FE2361E}.Debug|Any CPU.ActiveCfg = Debug|Any CPU
		{A97808E0-A95B-40AC-863A-87948FE2361E}.Debug|Any CPU.Build.0 = Debug|Any CPU
		{A97808E0-A95B-40AC-863A-87948FE2361E}.Release|Any CPU.ActiveCfg = Release|Any CPU
		{A97808E0-A95B-40AC-863A-87948FE2361E}.Release|Any CPU.Build.0 = Release|Any CPU
		{1DD6E8A3-0176-45EE-A3BC-C7ADAC20FC29}.Debug|Any CPU.ActiveCfg = Debug|Any CPU
		{1DD6E8A3-0176-45EE-A3BC-C7ADAC20FC29}.Debug|Any CPU.Build.0 = Debug|Any CPU
		{1DD6E8A3-0176-45EE-A3BC-C7ADAC20FC29}.Release|Any CPU.ActiveCfg = Release|Any CPU
		{1DD6E8A3-0176-45EE-A3BC-C7ADAC20FC29}.Release|Any CPU.Build.0 = Release|Any CPU
		{E519087E-5AAA-463F-B250-02FD0AC1F833}.Debug|Any CPU.ActiveCfg = Debug|Any CPU
		{E519087E-5AAA-463F-B250-02FD0AC1F833}.Debug|Any CPU.Build.0 = Debug|Any CPU
		{E519087E-5AAA-463F-B250-02FD0AC1F833}.Release|Any CPU.ActiveCfg = Release|Any CPU
		{E519087E-5AAA-463F-B250-02FD0AC1F833}.Release|Any CPU.Build.0 = Release|Any CPU
		{26417A95-FE8D-4F61-8357-6A662F3FB115}.Debug|Any CPU.ActiveCfg = Debug|Any CPU
		{26417A95-FE8D-4F61-8357-6A662F3FB115}.Debug|Any CPU.Build.0 = Debug|Any CPU
		{26417A95-FE8D-4F61-8357-6A662F3FB115}.Release|Any CPU.ActiveCfg = Release|Any CPU
		{26417A95-FE8D-4F61-8357-6A662F3FB115}.Release|Any CPU.Build.0 = Release|Any CPU
		{17C4CA6F-0CCD-422F-94D3-E0E36738CA57}.Debug|Any CPU.ActiveCfg = Debug|Any CPU
		{17C4CA6F-0CCD-422F-94D3-E0E36738CA57}.Debug|Any CPU.Build.0 = Debug|Any CPU
		{17C4CA6F-0CCD-422F-94D3-E0E36738CA57}.Release|Any CPU.ActiveCfg = Release|Any CPU
		{17C4CA6F-0CCD-422F-94D3-E0E36738CA57}.Release|Any CPU.Build.0 = Release|Any CPU
		{8AFE5C74-652B-46E4-9B66-00387586B65F}.Debug|Any CPU.ActiveCfg = Debug|Any CPU
		{8AFE5C74-652B-46E4-9B66-00387586B65F}.Debug|Any CPU.Build.0 = Debug|Any CPU
		{8AFE5C74-652B-46E4-9B66-00387586B65F}.Release|Any CPU.ActiveCfg = Release|Any CPU
		{8AFE5C74-652B-46E4-9B66-00387586B65F}.Release|Any CPU.Build.0 = Release|Any CPU
		{F184D829-3C0C-480E-964E-F604AB6FC4C1}.Debug|Any CPU.ActiveCfg = Debug|Any CPU
		{F184D829-3C0C-480E-964E-F604AB6FC4C1}.Debug|Any CPU.Build.0 = Debug|Any CPU
		{F184D829-3C0C-480E-964E-F604AB6FC4C1}.Release|Any CPU.ActiveCfg = Release|Any CPU
		{F184D829-3C0C-480E-964E-F604AB6FC4C1}.Release|Any CPU.Build.0 = Release|Any CPU
	EndGlobalSection
	GlobalSection(SolutionProperties) = preSolution
		HideSolutionNode = FALSE
	EndGlobalSection
	GlobalSection(ExtensibilityGlobals) = postSolution
		SolutionGuid = {F4F435C9-3798-4130-943C-C7B36FD96F17}
	EndGlobalSection
EndGlobal
