
Microsoft Visual Studio Solution File, Format Version 12.00
# Visual Studio Version 17
VisualStudioVersion = 17.4.33103.184
MinimumVisualStudioVersion = 10.0.40219.1
Project("{9A19103F-16F7-4668-BE54-9A1E7A4F7556}") = "Day01", "Day01\Day01.csproj", "{89D012D8-F09C-46F1-A1D8-6BAE88034AB8}"
EndProject
Project("{9A19103F-16F7-4668-BE54-9A1E7A4F7556}") = "Day02", "Day02\Day02.csproj", "{A32A870D-91AE-4A3D-BB91-83665A01E37A}"
EndProject
Project("{9A19103F-16F7-4668-BE54-9A1E7A4F7556}") = "Day03", "Day03\Day03.csproj", "{BC8EF448-6D0D-42B1-9E3D-7D8524BF287F}"
EndProject
Project("{9A19103F-16F7-4668-BE54-9A1E7A4F7556}") = "Day04", "Day04\Day04.csproj", "{31DC2565-158C-4F4C-98EC-5A4131341F93}"
EndProject
Project("{9A19103F-16F7-4668-BE54-9A1E7A4F7556}") = "Day05", "Day05\Day05.csproj", "{F8D28605-D711-4D8A-895D-DD23386D2164}"
EndProject
Project("{9A19103F-16F7-4668-BE54-9A1E7A4F7556}") = "Day06", "Day06\Day06.csproj", "{F5578B21-D349-43EA-8B3C-A47E6B3BDE11}"
EndProject
Project("{9A19103F-16F7-4668-BE54-9A1E7A4F7556}") = "Day07", "Day07\Day07.csproj", "{2EDFB479-2E39-4126-AB17-30B3F8F3C8E2}"
EndProject
Project("{9A19103F-16F7-4668-BE54-9A1E7A4F7556}") = "Day09", "Day09\Day09.csproj", "{DEA6AAC9-E580-40BE-B313-F33BB0A8A93D}"
EndProject
Project("{9A19103F-16F7-4668-BE54-9A1E7A4F7556}") = "Day10", "Day10\Day10.csproj", "{A25055D0-D77A-48FA-9CDF-3EFAB1D7617F}"
EndProject
Project("{FAE04EC0-301F-11D3-BF4B-00C04F79EFBC}") = "Day11", "Day11\Day11.csproj", "{78114DD6-1855-405E-8AD3-1C1678F82132}"
EndProject
Global
	GlobalSection(SolutionConfigurationPlatforms) = preSolution
		Debug|Any CPU = Debug|Any CPU
		Release|Any CPU = Release|Any CPU
	EndGlobalSection
	GlobalSection(ProjectConfigurationPlatforms) = postSolution
		{89D012D8-F09C-46F1-A1D8-6BAE88034AB8}.Debug|Any CPU.ActiveCfg = Debug|Any CPU
		{89D012D8-F09C-46F1-A1D8-6BAE88034AB8}.Debug|Any CPU.Build.0 = Debug|Any CPU
		{89D012D8-F09C-46F1-A1D8-6BAE88034AB8}.Release|Any CPU.ActiveCfg = Release|Any CPU
		{89D012D8-F09C-46F1-A1D8-6BAE88034AB8}.Release|Any CPU.Build.0 = Release|Any CPU
		{A32A870D-91AE-4A3D-BB91-83665A01E37A}.Debug|Any CPU.ActiveCfg = Debug|Any CPU
		{A32A870D-91AE-4A3D-BB91-83665A01E37A}.Debug|Any CPU.Build.0 = Debug|Any CPU
		{A32A870D-91AE-4A3D-BB91-83665A01E37A}.Release|Any CPU.ActiveCfg = Release|Any CPU
		{A32A870D-91AE-4A3D-BB91-83665A01E37A}.Release|Any CPU.Build.0 = Release|Any CPU
		{BC8EF448-6D0D-42B1-9E3D-7D8524BF287F}.Debug|Any CPU.ActiveCfg = Debug|Any CPU
		{BC8EF448-6D0D-42B1-9E3D-7D8524BF287F}.Debug|Any CPU.Build.0 = Debug|Any CPU
		{BC8EF448-6D0D-42B1-9E3D-7D8524BF287F}.Release|Any CPU.ActiveCfg = Release|Any CPU
		{BC8EF448-6D0D-42B1-9E3D-7D8524BF287F}.Release|Any CPU.Build.0 = Release|Any CPU
		{31DC2565-158C-4F4C-98EC-5A4131341F93}.Debug|Any CPU.ActiveCfg = Debug|Any CPU
		{31DC2565-158C-4F4C-98EC-5A4131341F93}.Debug|Any CPU.Build.0 = Debug|Any CPU
		{31DC2565-158C-4F4C-98EC-5A4131341F93}.Release|Any CPU.ActiveCfg = Release|Any CPU
		{31DC2565-158C-4F4C-98EC-5A4131341F93}.Release|Any CPU.Build.0 = Release|Any CPU
		{F8D28605-D711-4D8A-895D-DD23386D2164}.Debug|Any CPU.ActiveCfg = Debug|Any CPU
		{F8D28605-D711-4D8A-895D-DD23386D2164}.Debug|Any CPU.Build.0 = Debug|Any CPU
		{F8D28605-D711-4D8A-895D-DD23386D2164}.Release|Any CPU.ActiveCfg = Release|Any CPU
		{F8D28605-D711-4D8A-895D-DD23386D2164}.Release|Any CPU.Build.0 = Release|Any CPU
		{F5578B21-D349-43EA-8B3C-A47E6B3BDE11}.Debug|Any CPU.ActiveCfg = Debug|Any CPU
		{F5578B21-D349-43EA-8B3C-A47E6B3BDE11}.Debug|Any CPU.Build.0 = Debug|Any CPU
		{F5578B21-D349-43EA-8B3C-A47E6B3BDE11}.Release|Any CPU.ActiveCfg = Release|Any CPU
		{F5578B21-D349-43EA-8B3C-A47E6B3BDE11}.Release|Any CPU.Build.0 = Release|Any CPU
		{2EDFB479-2E39-4126-AB17-30B3F8F3C8E2}.Debug|Any CPU.ActiveCfg = Debug|Any CPU
		{2EDFB479-2E39-4126-AB17-30B3F8F3C8E2}.Debug|Any CPU.Build.0 = Debug|Any CPU
		{2EDFB479-2E39-4126-AB17-30B3F8F3C8E2}.Release|Any CPU.ActiveCfg = Release|Any CPU
		{2EDFB479-2E39-4126-AB17-30B3F8F3C8E2}.Release|Any CPU.Build.0 = Release|Any CPU
		{DEA6AAC9-E580-40BE-B313-F33BB0A8A93D}.Debug|Any CPU.ActiveCfg = Debug|Any CPU
		{DEA6AAC9-E580-40BE-B313-F33BB0A8A93D}.Debug|Any CPU.Build.0 = Debug|Any CPU
		{DEA6AAC9-E580-40BE-B313-F33BB0A8A93D}.Release|Any CPU.ActiveCfg = Release|Any CPU
		{DEA6AAC9-E580-40BE-B313-F33BB0A8A93D}.Release|Any CPU.Build.0 = Release|Any CPU
		{A25055D0-D77A-48FA-9CDF-3EFAB1D7617F}.Debug|Any CPU.ActiveCfg = Debug|Any CPU
		{A25055D0-D77A-48FA-9CDF-3EFAB1D7617F}.Debug|Any CPU.Build.0 = Debug|Any CPU
		{A25055D0-D77A-48FA-9CDF-3EFAB1D7617F}.Release|Any CPU.ActiveCfg = Release|Any CPU
		{A25055D0-D77A-48FA-9CDF-3EFAB1D7617F}.Release|Any CPU.Build.0 = Release|Any CPU
		{78114DD6-1855-405E-8AD3-1C1678F82132}.Debug|Any CPU.ActiveCfg = Debug|Any CPU
		{78114DD6-1855-405E-8AD3-1C1678F82132}.Debug|Any CPU.Build.0 = Debug|Any CPU
		{78114DD6-1855-405E-8AD3-1C1678F82132}.Release|Any CPU.ActiveCfg = Release|Any CPU
		{78114DD6-1855-405E-8AD3-1C1678F82132}.Release|Any CPU.Build.0 = Release|Any CPU
	EndGlobalSection
	GlobalSection(SolutionProperties) = preSolution
		HideSolutionNode = FALSE
	EndGlobalSection
	GlobalSection(ExtensibilityGlobals) = postSolution
		SolutionGuid = {069F5DF0-84DC-4ACD-B480-D7A061579A1A}
	EndGlobalSection
EndGlobal
