
Microsoft Visual Studio Solution File, Format Version 12.00
# Visual Studio Version 17
VisualStudioVersion = 17.4.33103.184
MinimumVisualStudioVersion = 10.0.40219.1
Project("{9A19103F-16F7-4668-BE54-9A1E7A4F7556}") = "Day01", "Day01\Day01.csproj", "{89D012D8-F09C-46F1-A1D8-6BAE88034AB8}"
EndProject
Project("{FAE04EC0-301F-11D3-BF4B-00C04F79EFBC}") = "Day02", "Day02\Day02.csproj", "{A32A870D-91AE-4A3D-BB91-83665A01E37A}"
EndProject
Project("{FAE04EC0-301F-11D3-BF4B-00C04F79EFBC}") = "Day03", "Day03\Day03.csproj", "{BC8EF448-6D0D-42B1-9E3D-7D8524BF287F}"
EndProject
Project("{FAE04EC0-301F-11D3-BF4B-00C04F79EFBC}") = "Day04", "Day04\Day04.csproj", "{31DC2565-158C-4F4C-98EC-5A4131341F93}"
EndProject
Project("{FAE04EC0-301F-11D3-BF4B-00C04F79EFBC}") = "Day05", "Day05\Day05.csproj", "{F8D28605-D711-4D8A-895D-DD23386D2164}"
EndProject
Global
	GlobalSection(SolutionConfigurationPlatforms) = preSolution
		Debug|Any CPU = Debug|Any CPU
		Release|Any CPU = Release|Any CPU
	EndGlobalSection
	GlobalSection(ProjectConfigurationPlatforms) = postSolution
		{89D012D8-F09C-46F1-A1D8-6BAE88034AB8}.Debug|Any CPU.ActiveCfg = Debug|Any CPU
		{89D012D8-F09C-46F1-A1D8-6BAE88034AB8}.Debug|Any CPU.Build.0 = Debug|Any CPU
		{89D012D8-F09C-46F1-A1D8-6BAE88034AB8}.Release|Any CPU.ActiveCfg = Release|Any CPU
		{89D012D8-F09C-46F1-A1D8-6BAE88034AB8}.Release|Any CPU.Build.0 = Release|Any CPU
		{A32A870D-91AE-4A3D-BB91-83665A01E37A}.Debug|Any CPU.ActiveCfg = Debug|Any CPU
		{A32A870D-91AE-4A3D-BB91-83665A01E37A}.Debug|Any CPU.Build.0 = Debug|Any CPU
		{A32A870D-91AE-4A3D-BB91-83665A01E37A}.Release|Any CPU.ActiveCfg = Release|Any CPU
		{A32A870D-91AE-4A3D-BB91-83665A01E37A}.Release|Any CPU.Build.0 = Release|Any CPU
		{BC8EF448-6D0D-42B1-9E3D-7D8524BF287F}.Debug|Any CPU.ActiveCfg = Debug|Any CPU
		{BC8EF448-6D0D-42B1-9E3D-7D8524BF287F}.Debug|Any CPU.Build.0 = Debug|Any CPU
		{BC8EF448-6D0D-42B1-9E3D-7D8524BF287F}.Release|Any CPU.ActiveCfg = Release|Any CPU
		{BC8EF448-6D0D-42B1-9E3D-7D8524BF287F}.Release|Any CPU.Build.0 = Release|Any CPU
		{31DC2565-158C-4F4C-98EC-5A4131341F93}.Debug|Any CPU.ActiveCfg = Debug|Any CPU
		{31DC2565-158C-4F4C-98EC-5A4131341F93}.Debug|Any CPU.Build.0 = Debug|Any CPU
		{31DC2565-158C-4F4C-98EC-5A4131341F93}.Release|Any CPU.ActiveCfg = Release|Any CPU
		{31DC2565-158C-4F4C-98EC-5A4131341F93}.Release|Any CPU.Build.0 = Release|Any CPU
		{F8D28605-D711-4D8A-895D-DD23386D2164}.Debug|Any CPU.ActiveCfg = Debug|Any CPU
		{F8D28605-D711-4D8A-895D-DD23386D2164}.Debug|Any CPU.Build.0 = Debug|Any CPU
		{F8D28605-D711-4D8A-895D-DD23386D2164}.Release|Any CPU.ActiveCfg = Release|Any CPU
		{F8D28605-D711-4D8A-895D-DD23386D2164}.Release|Any CPU.Build.0 = Release|Any CPU
	EndGlobalSection
	GlobalSection(SolutionProperties) = preSolution
		HideSolutionNode = FALSE
	EndGlobalSection
	GlobalSection(ExtensibilityGlobals) = postSolution
		SolutionGuid = {069F5DF0-84DC-4ACD-B480-D7A061579A1A}
	EndGlobalSection
EndGlobal
