
Microsoft Visual Studio Solution File, Format Version 12.00
# Visual Studio Version 17
VisualStudioVersion = 17.0.31903.59
MinimumVisualStudioVersion = 10.0.40219.1
Project("{9A19103F-16F7-4668-BE54-9A1E7A4F7556}") = "Day01", "Day01\Day01.csproj", "{58ABB5EB-FCDA-4627-BEED-6EF7FEEDC069}"
EndProject
Project("{9A19103F-16F7-4668-BE54-9A1E7A4F7556}") = "Day02", "Day02\Day02.csproj", "{E6874BDD-330B-4F8E-892F-0902AEFE417C}"
EndProject
Project("{9A19103F-16F7-4668-BE54-9A1E7A4F7556}") = "Day03", "Day03\Day03.csproj", "{85E280E0-5720-4C2C-984D-15011EBFC070}"
EndProject
Project("{9A19103F-16F7-4668-BE54-9A1E7A4F7556}") = "Day04", "Day04\Day04.csproj", "{A8BE3272-98A8-4A44-8DA1-F09DD42AEEE5}"
EndProject
Project("{9A19103F-16F7-4668-BE54-9A1E7A4F7556}") = "Day05", "Day05\Day05.csproj", "{9B4E4BA6-FF0A-490C-B80E-4B0E24878045}"
EndProject
Project("{9A19103F-16F7-4668-BE54-9A1E7A4F7556}") = "Day06", "Day06\Day06.csproj", "{DD418794-1B95-4450-A1E7-64B2E4A3BD83}"
EndProject
Project("{9A19103F-16F7-4668-BE54-9A1E7A4F7556}") = "Day07", "Day07\Day07.csproj", "{DD828A87-34B6-4BE2-B895-5DAB6D0CA071}"
EndProject
Project("{9A19103F-16F7-4668-BE54-9A1E7A4F7556}") = "Day08", "Day08\Day08.csproj", "{C409A985-C459-4054-9644-356B7B1F3E9A}"
EndProject
Project("{9A19103F-16F7-4668-BE54-9A1E7A4F7556}") = "Day09", "Day09\Day09.csproj", "{9CF0F7E4-1DEA-496C-9391-0AC8A847B19D}"
EndProject
Project("{9A19103F-16F7-4668-BE54-9A1E7A4F7556}") = "Day10", "Day10\Day10.csproj", "{A07287AB-4F19-4919-AF04-215C8569FD04}"
EndProject
Project("{9A19103F-16F7-4668-BE54-9A1E7A4F7556}") = "Day11", "Day11\Day11.csproj", "{1B68140B-4FFF-4B7C-A144-7BF6DCFC6DAF}"
EndProject
Project("{9A19103F-16F7-4668-BE54-9A1E7A4F7556}") = "Day12", "Day12\Day12.csproj", "{87D39324-0157-4D3A-A1F6-153A13C48141}"
EndProject
Project("{9A19103F-16F7-4668-BE54-9A1E7A4F7556}") = "Day13", "Day13\Day13.csproj", "{9C983473-822D-4F16-B755-D1B966C03C50}"
EndProject
Project("{9A19103F-16F7-4668-BE54-9A1E7A4F7556}") = "Day14", "Day14\Day14.csproj", "{68DCBCFB-B611-44CC-A23D-54CB36811BF9}"
EndProject
Project("{9A19103F-16F7-4668-BE54-9A1E7A4F7556}") = "Day15", "Day15\Day15.csproj", "{F1FB9D2E-BA86-4084-B7B0-A9C9A9386314}"
EndProject
Project("{9A19103F-16F7-4668-BE54-9A1E7A4F7556}") = "Day16", "Day16\Day16.csproj", "{CB11B7C6-B070-402B-BB55-569203E82489}"
EndProject
Project("{9A19103F-16F7-4668-BE54-9A1E7A4F7556}") = "Day17", "Day17\Day17.csproj", "{30C861AD-2D44-4188-AE90-5AD1975AA555}"
EndProject
Project("{9A19103F-16F7-4668-BE54-9A1E7A4F7556}") = "Day18", "Day18\Day18.csproj", "{87A145E2-ACE9-4FA2-9758-4A07F11788BE}"
EndProject
Project("{FAE04EC0-301F-11D3-BF4B-00C04F79EFBC}") = "Day19", "Day19\Day19.csproj", "{414E43E0-EEA8-4E97-9A43-72C3F329EDD4}"
EndProject
Global
	GlobalSection(SolutionConfigurationPlatforms) = preSolution
		Debug|Any CPU = Debug|Any CPU
		Release|Any CPU = Release|Any CPU
	EndGlobalSection
	GlobalSection(ProjectConfigurationPlatforms) = postSolution
		{58ABB5EB-FCDA-4627-BEED-6EF7FEEDC069}.Debug|Any CPU.ActiveCfg = Debug|Any CPU
		{58ABB5EB-FCDA-4627-BEED-6EF7FEEDC069}.Debug|Any CPU.Build.0 = Debug|Any CPU
		{58ABB5EB-FCDA-4627-BEED-6EF7FEEDC069}.Release|Any CPU.ActiveCfg = Release|Any CPU
		{58ABB5EB-FCDA-4627-BEED-6EF7FEEDC069}.Release|Any CPU.Build.0 = Release|Any CPU
		{E6874BDD-330B-4F8E-892F-0902AEFE417C}.Debug|Any CPU.ActiveCfg = Debug|Any CPU
		{E6874BDD-330B-4F8E-892F-0902AEFE417C}.Debug|Any CPU.Build.0 = Debug|Any CPU
		{E6874BDD-330B-4F8E-892F-0902AEFE417C}.Release|Any CPU.ActiveCfg = Release|Any CPU
		{E6874BDD-330B-4F8E-892F-0902AEFE417C}.Release|Any CPU.Build.0 = Release|Any CPU
		{85E280E0-5720-4C2C-984D-15011EBFC070}.Debug|Any CPU.ActiveCfg = Debug|Any CPU
		{85E280E0-5720-4C2C-984D-15011EBFC070}.Debug|Any CPU.Build.0 = Debug|Any CPU
		{85E280E0-5720-4C2C-984D-15011EBFC070}.Release|Any CPU.ActiveCfg = Release|Any CPU
		{85E280E0-5720-4C2C-984D-15011EBFC070}.Release|Any CPU.Build.0 = Release|Any CPU
		{A8BE3272-98A8-4A44-8DA1-F09DD42AEEE5}.Debug|Any CPU.ActiveCfg = Debug|Any CPU
		{A8BE3272-98A8-4A44-8DA1-F09DD42AEEE5}.Debug|Any CPU.Build.0 = Debug|Any CPU
		{A8BE3272-98A8-4A44-8DA1-F09DD42AEEE5}.Release|Any CPU.ActiveCfg = Release|Any CPU
		{A8BE3272-98A8-4A44-8DA1-F09DD42AEEE5}.Release|Any CPU.Build.0 = Release|Any CPU
		{9B4E4BA6-FF0A-490C-B80E-4B0E24878045}.Debug|Any CPU.ActiveCfg = Debug|Any CPU
		{9B4E4BA6-FF0A-490C-B80E-4B0E24878045}.Debug|Any CPU.Build.0 = Debug|Any CPU
		{9B4E4BA6-FF0A-490C-B80E-4B0E24878045}.Release|Any CPU.ActiveCfg = Release|Any CPU
		{9B4E4BA6-FF0A-490C-B80E-4B0E24878045}.Release|Any CPU.Build.0 = Release|Any CPU
		{DD418794-1B95-4450-A1E7-64B2E4A3BD83}.Debug|Any CPU.ActiveCfg = Debug|Any CPU
		{DD418794-1B95-4450-A1E7-64B2E4A3BD83}.Debug|Any CPU.Build.0 = Debug|Any CPU
		{DD418794-1B95-4450-A1E7-64B2E4A3BD83}.Release|Any CPU.ActiveCfg = Release|Any CPU
		{DD418794-1B95-4450-A1E7-64B2E4A3BD83}.Release|Any CPU.Build.0 = Release|Any CPU
		{DD828A87-34B6-4BE2-B895-5DAB6D0CA071}.Debug|Any CPU.ActiveCfg = Debug|Any CPU
		{DD828A87-34B6-4BE2-B895-5DAB6D0CA071}.Debug|Any CPU.Build.0 = Debug|Any CPU
		{DD828A87-34B6-4BE2-B895-5DAB6D0CA071}.Release|Any CPU.ActiveCfg = Release|Any CPU
		{DD828A87-34B6-4BE2-B895-5DAB6D0CA071}.Release|Any CPU.Build.0 = Release|Any CPU
		{C409A985-C459-4054-9644-356B7B1F3E9A}.Debug|Any CPU.ActiveCfg = Debug|Any CPU
		{C409A985-C459-4054-9644-356B7B1F3E9A}.Debug|Any CPU.Build.0 = Debug|Any CPU
		{C409A985-C459-4054-9644-356B7B1F3E9A}.Release|Any CPU.ActiveCfg = Release|Any CPU
		{C409A985-C459-4054-9644-356B7B1F3E9A}.Release|Any CPU.Build.0 = Release|Any CPU
		{9CF0F7E4-1DEA-496C-9391-0AC8A847B19D}.Debug|Any CPU.ActiveCfg = Debug|Any CPU
		{9CF0F7E4-1DEA-496C-9391-0AC8A847B19D}.Debug|Any CPU.Build.0 = Debug|Any CPU
		{9CF0F7E4-1DEA-496C-9391-0AC8A847B19D}.Release|Any CPU.ActiveCfg = Release|Any CPU
		{9CF0F7E4-1DEA-496C-9391-0AC8A847B19D}.Release|Any CPU.Build.0 = Release|Any CPU
		{A07287AB-4F19-4919-AF04-215C8569FD04}.Debug|Any CPU.ActiveCfg = Debug|Any CPU
		{A07287AB-4F19-4919-AF04-215C8569FD04}.Debug|Any CPU.Build.0 = Debug|Any CPU
		{A07287AB-4F19-4919-AF04-215C8569FD04}.Release|Any CPU.ActiveCfg = Release|Any CPU
		{A07287AB-4F19-4919-AF04-215C8569FD04}.Release|Any CPU.Build.0 = Release|Any CPU
		{1B68140B-4FFF-4B7C-A144-7BF6DCFC6DAF}.Debug|Any CPU.ActiveCfg = Debug|Any CPU
		{1B68140B-4FFF-4B7C-A144-7BF6DCFC6DAF}.Debug|Any CPU.Build.0 = Debug|Any CPU
		{1B68140B-4FFF-4B7C-A144-7BF6DCFC6DAF}.Release|Any CPU.ActiveCfg = Release|Any CPU
		{1B68140B-4FFF-4B7C-A144-7BF6DCFC6DAF}.Release|Any CPU.Build.0 = Release|Any CPU
		{87D39324-0157-4D3A-A1F6-153A13C48141}.Debug|Any CPU.ActiveCfg = Debug|Any CPU
		{87D39324-0157-4D3A-A1F6-153A13C48141}.Debug|Any CPU.Build.0 = Debug|Any CPU
		{87D39324-0157-4D3A-A1F6-153A13C48141}.Release|Any CPU.ActiveCfg = Release|Any CPU
		{87D39324-0157-4D3A-A1F6-153A13C48141}.Release|Any CPU.Build.0 = Release|Any CPU
		{9C983473-822D-4F16-B755-D1B966C03C50}.Debug|Any CPU.ActiveCfg = Debug|Any CPU
		{9C983473-822D-4F16-B755-D1B966C03C50}.Debug|Any CPU.Build.0 = Debug|Any CPU
		{9C983473-822D-4F16-B755-D1B966C03C50}.Release|Any CPU.ActiveCfg = Release|Any CPU
		{9C983473-822D-4F16-B755-D1B966C03C50}.Release|Any CPU.Build.0 = Release|Any CPU
		{68DCBCFB-B611-44CC-A23D-54CB36811BF9}.Debug|Any CPU.ActiveCfg = Debug|Any CPU
		{68DCBCFB-B611-44CC-A23D-54CB36811BF9}.Debug|Any CPU.Build.0 = Debug|Any CPU
		{68DCBCFB-B611-44CC-A23D-54CB36811BF9}.Release|Any CPU.ActiveCfg = Release|Any CPU
		{68DCBCFB-B611-44CC-A23D-54CB36811BF9}.Release|Any CPU.Build.0 = Release|Any CPU
		{F1FB9D2E-BA86-4084-B7B0-A9C9A9386314}.Debug|Any CPU.ActiveCfg = Debug|Any CPU
		{F1FB9D2E-BA86-4084-B7B0-A9C9A9386314}.Debug|Any CPU.Build.0 = Debug|Any CPU
		{F1FB9D2E-BA86-4084-B7B0-A9C9A9386314}.Release|Any CPU.ActiveCfg = Release|Any CPU
		{F1FB9D2E-BA86-4084-B7B0-A9C9A9386314}.Release|Any CPU.Build.0 = Release|Any CPU
		{CB11B7C6-B070-402B-BB55-569203E82489}.Debug|Any CPU.ActiveCfg = Debug|Any CPU
		{CB11B7C6-B070-402B-BB55-569203E82489}.Debug|Any CPU.Build.0 = Debug|Any CPU
		{CB11B7C6-B070-402B-BB55-569203E82489}.Release|Any CPU.ActiveCfg = Release|Any CPU
		{CB11B7C6-B070-402B-BB55-569203E82489}.Release|Any CPU.Build.0 = Release|Any CPU
		{30C861AD-2D44-4188-AE90-5AD1975AA555}.Debug|Any CPU.ActiveCfg = Debug|Any CPU
		{30C861AD-2D44-4188-AE90-5AD1975AA555}.Debug|Any CPU.Build.0 = Debug|Any CPU
		{30C861AD-2D44-4188-AE90-5AD1975AA555}.Release|Any CPU.ActiveCfg = Release|Any CPU
		{30C861AD-2D44-4188-AE90-5AD1975AA555}.Release|Any CPU.Build.0 = Release|Any CPU
		{87A145E2-ACE9-4FA2-9758-4A07F11788BE}.Debug|Any CPU.ActiveCfg = Debug|Any CPU
		{87A145E2-ACE9-4FA2-9758-4A07F11788BE}.Debug|Any CPU.Build.0 = Debug|Any CPU
		{87A145E2-ACE9-4FA2-9758-4A07F11788BE}.Release|Any CPU.ActiveCfg = Release|Any CPU
		{87A145E2-ACE9-4FA2-9758-4A07F11788BE}.Release|Any CPU.Build.0 = Release|Any CPU
		{414E43E0-EEA8-4E97-9A43-72C3F329EDD4}.Debug|Any CPU.ActiveCfg = Debug|Any CPU
		{414E43E0-EEA8-4E97-9A43-72C3F329EDD4}.Debug|Any CPU.Build.0 = Debug|Any CPU
		{414E43E0-EEA8-4E97-9A43-72C3F329EDD4}.Release|Any CPU.ActiveCfg = Release|Any CPU
		{414E43E0-EEA8-4E97-9A43-72C3F329EDD4}.Release|Any CPU.Build.0 = Release|Any CPU
	EndGlobalSection
	GlobalSection(SolutionProperties) = preSolution
		HideSolutionNode = FALSE
	EndGlobalSection
	GlobalSection(ExtensibilityGlobals) = postSolution
		SolutionGuid = {8C69E7BB-D4E4-4130-819E-FB5242A638A4}
	EndGlobalSection
EndGlobal
